
Microsoft Visual Studio Solution File, Format Version 12.00
# Visual Studio Version 17
VisualStudioVersion = 17.7.34009.444
MinimumVisualStudioVersion = 10.0.40219.1
Project("{FAE04EC0-301F-11D3-BF4B-00C04F79EFBC}") = "StealerHack", "ConsoleApp1\StealerHack.csproj", "{EE441419-9DDE-4556-83EA-EA7B764E9036}"
EndProject
Global
	GlobalSection(SolutionConfigurationPlatforms) = preSolution
		Debug|Any CPU = Debug|Any CPU
		Release|Any CPU = Release|Any CPU
	EndGlobalSection
	GlobalSection(ProjectConfigurationPlatforms) = postSolution
		{EE441419-9DDE-4556-83EA-EA7B764E9036}.Debug|Any CPU.ActiveCfg = Debug|Any CPU
		{EE441419-9DDE-4556-83EA-EA7B764E9036}.Debug|Any CPU.Build.0 = Debug|Any CPU
		{EE441419-9DDE-4556-83EA-EA7B764E9036}.Release|Any CPU.ActiveCfg = Release|Any CPU
		{EE441419-9DDE-4556-83EA-EA7B764E9036}.Release|Any CPU.Build.0 = Release|Any CPU
	EndGlobalSection
	GlobalSection(SolutionProperties) = preSolution
		HideSolutionNode = FALSE
	EndGlobalSection
	GlobalSection(ExtensibilityGlobals) = postSolution
		SolutionGuid = {725B8BE7-48FB-44FE-9274-7B8CFE7C920F}
	EndGlobalSection
EndGlobal
